
Microsoft Visual Studio Solution File, Format Version 12.00
# Visual Studio Version 17
VisualStudioVersion = 17.7.34031.279
MinimumVisualStudioVersion = 10.0.40219.1
Project("{FAE04EC0-301F-11D3-BF4B-00C04F79EFBC}") = "Module13PW", "Module13PW\Module13PW.csproj", "{1B9E1665-AA61-4C42-9BE3-64936FC32B9B}"
EndProject
Global
	GlobalSection(SolutionConfigurationPlatforms) = preSolution
		Debug|Any CPU = Debug|Any CPU
		Release|Any CPU = Release|Any CPU
	EndGlobalSection
	GlobalSection(ProjectConfigurationPlatforms) = postSolution
		{1B9E1665-AA61-4C42-9BE3-64936FC32B9B}.Debug|Any CPU.ActiveCfg = Debug|Any CPU
		{1B9E1665-AA61-4C42-9BE3-64936FC32B9B}.Debug|Any CPU.Build.0 = Debug|Any CPU
		{1B9E1665-AA61-4C42-9BE3-64936FC32B9B}.Release|Any CPU.ActiveCfg = Release|Any CPU
		{1B9E1665-AA61-4C42-9BE3-64936FC32B9B}.Release|Any CPU.Build.0 = Release|Any CPU
	EndGlobalSection
	GlobalSection(SolutionProperties) = preSolution
		HideSolutionNode = FALSE
	EndGlobalSection
	GlobalSection(ExtensibilityGlobals) = postSolution
		SolutionGuid = {9E62444B-5FE2-4480-8E37-D9E59D01DA11}
	EndGlobalSection
EndGlobal
